
Microsoft Visual Studio Solution File, Format Version 12.00
# Visual Studio Version 17
VisualStudioVersion = 17.5.33516.290
MinimumVisualStudioVersion = 10.0.40219.1
Project("{FAE04EC0-301F-11D3-BF4B-00C04F79EFBC}") = "HelloWorld", "HelloWorld\HelloWorld.csproj", "{88A3D211-591F-4D18-9F0D-D13E0D874E20}"
EndProject
Global
	GlobalSection(SolutionConfigurationPlatforms) = preSolution
		Debug|Any CPU = Debug|Any CPU
		Release|Any CPU = Release|Any CPU
	EndGlobalSection
	GlobalSection(ProjectConfigurationPlatforms) = postSolution
		{88A3D211-591F-4D18-9F0D-D13E0D874E20}.Debug|Any CPU.ActiveCfg = Debug|Any CPU
		{88A3D211-591F-4D18-9F0D-D13E0D874E20}.Debug|Any CPU.Build.0 = Debug|Any CPU
		{88A3D211-591F-4D18-9F0D-D13E0D874E20}.Release|Any CPU.ActiveCfg = Release|Any CPU
		{88A3D211-591F-4D18-9F0D-D13E0D874E20}.Release|Any CPU.Build.0 = Release|Any CPU
	EndGlobalSection
	GlobalSection(SolutionProperties) = preSolution
		HideSolutionNode = FALSE
	EndGlobalSection
	GlobalSection(ExtensibilityGlobals) = postSolution
		SolutionGuid = {A7FA665E-D337-4EE5-A4D7-648F8F095C5A}
	EndGlobalSection
EndGlobal
